
Microsoft Visual Studio Solution File, Format Version 12.00
# Visual Studio Version 17
VisualStudioVersion = 17.11.35219.272
MinimumVisualStudioVersion = 10.0.40219.1
Project("{FAE04EC0-301F-11D3-BF4B-00C04F79EFBC}") = "CursodeGit", "CursodeGit.csproj", "{5F7D5095-7331-4692-89A7-761FE11B272C}"
EndProject
Global
	GlobalSection(SolutionConfigurationPlatforms) = preSolution
		Debug|Any CPU = Debug|Any CPU
		Release|Any CPU = Release|Any CPU
	EndGlobalSection
	GlobalSection(ProjectConfigurationPlatforms) = postSolution
		{5F7D5095-7331-4692-89A7-761FE11B272C}.Debug|Any CPU.ActiveCfg = Debug|Any CPU
		{5F7D5095-7331-4692-89A7-761FE11B272C}.Debug|Any CPU.Build.0 = Debug|Any CPU
		{5F7D5095-7331-4692-89A7-761FE11B272C}.Release|Any CPU.ActiveCfg = Release|Any CPU
		{5F7D5095-7331-4692-89A7-761FE11B272C}.Release|Any CPU.Build.0 = Release|Any CPU
	EndGlobalSection
	GlobalSection(SolutionProperties) = preSolution
		HideSolutionNode = FALSE
	EndGlobalSection
	GlobalSection(ExtensibilityGlobals) = postSolution
		SolutionGuid = {80A01B14-0D82-4E22-80C9-3475F02A62A3}
	EndGlobalSection
EndGlobal
